
Microsoft Visual Studio Solution File, Format Version 9.00
# Visual Studio 2005
Project("{8BC9CEB8-8B4A-11D0-8D11-00A0C91BC942}") = "Timer", ".\Timer\Timer.vcproj", "{AF802D85-C447-424B-BEA8-212CB90CAFA4}"
EndProject
Project("{54435603-DBB4-11D2-8724-00A0C9A8B90C}") = "Setup", ".\Setup\Setup.vdproj", "{5504C20A-E46C-46D0-8B4B-B269F120AA9B}"
EndProject
Global
	GlobalSection(SolutionConfigurationPlatforms) = preSolution
		Debug|Win32 = Debug|Win32
		Release|Win32 = Release|Win32
	EndGlobalSection
	GlobalSection(ProjectConfigurationPlatforms) = postSolution
		{AF802D85-C447-424B-BEA8-212CB90CAFA4}.Debug|Win32.ActiveCfg = Debug|Win32
		{AF802D85-C447-424B-BEA8-212CB90CAFA4}.Debug|Win32.Build.0 = Debug|Win32
		{AF802D85-C447-424B-BEA8-212CB90CAFA4}.Release|Win32.ActiveCfg = Release|Win32
		{AF802D85-C447-424B-BEA8-212CB90CAFA4}.Release|Win32.Build.0 = Release|Win32
		{5504C20A-E46C-46D0-8B4B-B269F120AA9B}.Debug|Win32.ActiveCfg = Debug
		{5504C20A-E46C-46D0-8B4B-B269F120AA9B}.Release|Win32.ActiveCfg = Release
	EndGlobalSection
	GlobalSection(SolutionProperties) = preSolution
		HideSolutionNode = FALSE
	EndGlobalSection
EndGlobal
